
Microsoft Visual Studio Solution File, Format Version 12.00
Project("{FAE04EC0-301F-11D3-BF4B-00C04F79EFBC}") = "Sharpitect.Analysis", "src\Sharpitect.Analysis\Sharpitect.Analysis.csproj", "{F2FC9834-D221-4B34-8E62-033D534241DD}"
EndProject
Project("{FAE04EC0-301F-11D3-BF4B-00C04F79EFBC}") = "Sharpitect.Analysis.Test", "test\Sharpitect.Analysis.Test\Sharpitect.Analysis.Test.csproj", "{6BF0A877-F37A-45E4-B00D-70FF48B691B8}"
EndProject
Project("{FAE04EC0-301F-11D3-BF4B-00C04F79EFBC}") = "Sharpitect.Attributes", "src\Sharpitect.Attributes\Sharpitect.Attributes.csproj", "{974905FB-94FD-4B86-83EA-1C6006A78AD0}"
EndProject
Project("{FAE04EC0-301F-11D3-BF4B-00C04F79EFBC}") = "Sharpitect.CLI", "src\Sharpitect.CLI\Sharpitect.CLI.csproj", "{2A64E0E8-E753-43E2-81B7-25451FB89616}"
EndProject
Project("{FAE04EC0-301F-11D3-BF4B-00C04F79EFBC}") = "Sharpitect.MCP", "Sharpitect.MCP\Sharpitect.MCP.csproj", "{D412787F-C2DA-4530-9B09-BF50BBFA0D95}"
EndProject
Project("{FAE04EC0-301F-11D3-BF4B-00C04F79EFBC}") = "Sharpitect.MCP.Test", "test\Sharpitect.MCP.Test\Sharpitect.MCP.Test.csproj", "{613E86D7-2ECD-45E8-9434-2E254883709E}"
EndProject
Global
	GlobalSection(SolutionConfigurationPlatforms) = preSolution
		Debug|Any CPU = Debug|Any CPU
		Release|Any CPU = Release|Any CPU
	EndGlobalSection
	GlobalSection(ProjectConfigurationPlatforms) = postSolution
		{F2FC9834-D221-4B34-8E62-033D534241DD}.Debug|Any CPU.ActiveCfg = Debug|Any CPU
		{F2FC9834-D221-4B34-8E62-033D534241DD}.Debug|Any CPU.Build.0 = Debug|Any CPU
		{F2FC9834-D221-4B34-8E62-033D534241DD}.Release|Any CPU.ActiveCfg = Release|Any CPU
		{F2FC9834-D221-4B34-8E62-033D534241DD}.Release|Any CPU.Build.0 = Release|Any CPU
		{6BF0A877-F37A-45E4-B00D-70FF48B691B8}.Debug|Any CPU.ActiveCfg = Debug|Any CPU
		{6BF0A877-F37A-45E4-B00D-70FF48B691B8}.Debug|Any CPU.Build.0 = Debug|Any CPU
		{6BF0A877-F37A-45E4-B00D-70FF48B691B8}.Release|Any CPU.ActiveCfg = Release|Any CPU
		{6BF0A877-F37A-45E4-B00D-70FF48B691B8}.Release|Any CPU.Build.0 = Release|Any CPU
		{974905FB-94FD-4B86-83EA-1C6006A78AD0}.Debug|Any CPU.ActiveCfg = Debug|Any CPU
		{974905FB-94FD-4B86-83EA-1C6006A78AD0}.Debug|Any CPU.Build.0 = Debug|Any CPU
		{974905FB-94FD-4B86-83EA-1C6006A78AD0}.Release|Any CPU.ActiveCfg = Release|Any CPU
		{974905FB-94FD-4B86-83EA-1C6006A78AD0}.Release|Any CPU.Build.0 = Release|Any CPU
		{2A64E0E8-E753-43E2-81B7-25451FB89616}.Debug|Any CPU.ActiveCfg = Debug|Any CPU
		{2A64E0E8-E753-43E2-81B7-25451FB89616}.Debug|Any CPU.Build.0 = Debug|Any CPU
		{2A64E0E8-E753-43E2-81B7-25451FB89616}.Release|Any CPU.ActiveCfg = Release|Any CPU
		{2A64E0E8-E753-43E2-81B7-25451FB89616}.Release|Any CPU.Build.0 = Release|Any CPU
		{D412787F-C2DA-4530-9B09-BF50BBFA0D95}.Debug|Any CPU.ActiveCfg = Debug|Any CPU
		{D412787F-C2DA-4530-9B09-BF50BBFA0D95}.Debug|Any CPU.Build.0 = Debug|Any CPU
		{D412787F-C2DA-4530-9B09-BF50BBFA0D95}.Release|Any CPU.ActiveCfg = Release|Any CPU
		{D412787F-C2DA-4530-9B09-BF50BBFA0D95}.Release|Any CPU.Build.0 = Release|Any CPU
		{613E86D7-2ECD-45E8-9434-2E254883709E}.Debug|Any CPU.ActiveCfg = Debug|Any CPU
		{613E86D7-2ECD-45E8-9434-2E254883709E}.Debug|Any CPU.Build.0 = Debug|Any CPU
		{613E86D7-2ECD-45E8-9434-2E254883709E}.Release|Any CPU.ActiveCfg = Release|Any CPU
		{613E86D7-2ECD-45E8-9434-2E254883709E}.Release|Any CPU.Build.0 = Release|Any CPU
	EndGlobalSection
EndGlobal
